// !$*UTF8*$!
{
	archiveVersion = 1;
	classes = {
	};
	objectVersion = 50;
	objects = {

/* Begin PBXBuildFile section */
		11AD1F4A2385ADED004ACF42 /* AppDelegate.swift in Sources */ = {isa = PBXBuildFile; fileRef = 11AD1F492385ADED004ACF42 /* AppDelegate.swift */; };
		11AD1F4C2385ADED004ACF42 /* SceneDelegate.swift in Sources */ = {isa = PBXBuildFile; fileRef = 11AD1F4B2385ADED004ACF42 /* SceneDelegate.swift */; };
		11AD1F4E2385ADED004ACF42 /* ViewController.swift in Sources */ = {isa = PBXBuildFile; fileRef = 11AD1F4D2385ADED004ACF42 /* ViewController.swift */; };
		11AD1F512385ADED004ACF42 /* Main.storyboard in Resources */ = {isa = PBXBuildFile; fileRef = 11AD1F4F2385ADED004ACF42 /* Main.storyboard */; };
		11AD1F532385ADEE004ACF42 /* Assets.xcassets in Resources */ = {isa = PBXBuildFile; fileRef = 11AD1F522385ADEE004ACF42 /* Assets.xcassets */; };
		11AD1F562385ADEE004ACF42 /* LaunchScreen.storyboard in Resources */ = {isa = PBXBuildFile; fileRef = 11AD1F542385ADEE004ACF42 /* LaunchScreen.storyboard */; };
/* End PBXBuildFile section */

/* Begin PBXFileReference section */
		11AD1F462385ADED004ACF42 /* SamaraWeatherApp.app */ = {isa = PBXFileReference; explicitFileType = wrapper.application; includeInIndex = 0; path = SamaraWeatherApp.app; sourceTree = BUILT_PRODUCTS_DIR; };
		11AD1F492385ADED004ACF42 /* AppDelegate.swift */ = {isa = PBXFileReference; lastKnownFileType = sourcecode.swift; path = AppDelegate.swift; sourceTree = "<group>"; };
		11AD1F4B2385ADED004ACF42 /* SceneDelegate.swift */ = {isa = PBXFileReference; lastKnownFileType = sourcecode.swift; path = SceneDelegate.swift; sourceTree = "<group>"; };
		11AD1F4D2385ADED004ACF42 /* ViewController.swift */ = {isa = PBXFileReference; lastKnownFileType = sourcecode.swift; path = ViewController.swift; sourceTree = "<group>"; };
		11AD1F502385ADED004ACF42 /* Base */ = {isa = PBXFileReference; lastKnownFileType = file.storyboard; name = Base; path = Base.lproj/Main.storyboard; sourceTree = "<group>"; };
		11AD1F522385ADEE004ACF42 /* Assets.xcassets */ = {isa = PBXFileReference; lastKnownFileType = folder.assetcatalog; path = Assets.xcassets; sourceTree = "<group>"; };
		11AD1F552385ADEE004ACF42 /* Base */ = {isa = PBXFileReference; lastKnownFileType = file.storyboard; name = Base; path = Base.lproj/LaunchScreen.storyboard; sourceTree = "<group>"; };
		11AD1F572385ADEE004ACF42 /* Info.plist */ = {isa = PBXFileReference; lastKnownFileType = text.plist.xml; path = Info.plist; sourceTree = "<group>"; };
/* End PBXFileReference section */

/* Begin PBXFrameworksBuildPhase section */
		11AD1F432385ADED004ACF42 /* Frameworks */ = {
			isa = PBXFrameworksBuildPhase;
			buildActionMask = 2147483647;
			files = (
			);
			runOnlyForDeploymentPostprocessing = 0;
		};
/* End PBXFrameworksBuildPhase section */

/* Begin PBXGroup section */
		11AD1F3D2385ADED004ACF42 = {
			isa = PBXGroup;
			children = (
				11AD1F482385ADED004ACF42 /* SamaraWeatherApp */,
				11AD1F472385ADED004ACF42 /* Products */,
			);
			sourceTree = "<group>";
		};
		11AD1F472385ADED004ACF42 /* Products */ = {
			isa = PBXGroup;
			children = (
				11AD1F462385ADED004ACF42 /* SamaraWeatherApp.app */,
			);
			name = Products;
			sourceTree = "<group>";
		};
		11AD1F482385ADED004ACF42 /* SamaraWeatherApp */ = {
			isa = PBXGroup;
			children = (
				11AD1F492385ADED004ACF42 /* AppDelegate.swift */,
				11AD1F4B2385ADED004ACF42 /* SceneDelegate.swift */,
				11AD1F4D2385ADED004ACF42 /* ViewController.swift */,
				11AD1F4F2385ADED004ACF42 /* Main.storyboard */,
				11AD1F522385ADEE004ACF42 /* Assets.xcassets */,
				11AD1F542385ADEE004ACF42 /* LaunchScreen.storyboard */,
				11AD1F572385ADEE004ACF42 /* Info.plist */,
			);
			path = SamaraWeatherApp;
			sourceTree = "<group>";
		};
/* End PBXGroup section */

/* Begin PBXNativeTarget section */
		11AD1F452385ADED004ACF42 /* SamaraWeatherApp */ = {
			isa = PBXNativeTarget;
			buildConfigurationList = 11AD1F5A2385ADEE004ACF42 /* Build configuration list for PBXNativeTarget "SamaraWeatherApp" */;
			buildPhases = (
				11AD1F422385ADED004ACF42 /* Sources */,
				11AD1F432385ADED004ACF42 /* Frameworks */,
				11AD1F442385ADED004ACF42 /* Resources */,
			);
			buildRules = (
			);
			dependencies = (
			);
			name = SamaraWeatherApp;
			productName = SamaraWeatherApp;
			productReference = 11AD1F462385ADED004ACF42 /* SamaraWeatherApp.app */;
			productType = "com.apple.product-type.application";
		};
/* End PBXNativeTarget section */

/* Begin PBXProject section */
		11AD1F3E2385ADED004ACF42 /* Project object */ = {
			isa = PBXProject;
			attributes = {
				LastSwiftUpdateCheck = 1120;
				LastUpgradeCheck = 1120;
				ORGANIZATIONNAME = Nikita;
				TargetAttributes = {
					11AD1F452385ADED004ACF42 = {
						CreatedOnToolsVersion = 11.2;
					};
				};
			};
			buildConfigurationList = 11AD1F412385ADED004ACF42 /* Build configuration list for PBXProject "SamaraWeatherApp" */;
			compatibilityVersion = "Xcode 9.3";
			developmentRegion = en;
			hasScannedForEncodings = 0;
			knownRegions = (
				en,
				Base,
			);
			mainGroup = 11AD1F3D2385ADED004ACF42;
			productRefGroup = 11AD1F472385ADED004ACF42 /* Products */;
			projectDirPath = "";
			projectRoot = "";
			targets = (
				11AD1F452385ADED004ACF42 /* SamaraWeatherApp */,
			);
		};
/* End PBXProject section */

/* Begin PBXResourcesBuildPhase section */
		11AD1F442385ADED004ACF42 /* Resources */ = {
			isa = PBXResourcesBuildPhase;
			buildActionMask = 2147483647;
			files = (
				11AD1F562385ADEE004ACF42 /* LaunchScreen.storyboard in Resources */,
				11AD1F532385ADEE004ACF42 /* Assets.xcassets in Resources */,
				11AD1F512385ADED004ACF42 /* Main.storyboard in Resources */,
			);
			runOnlyForDeploymentPostprocessing = 0;
		};
/* End PBXResourcesBuildPhase section */

/* Begin PBXSourcesBuildPhase section */
		11AD1F422385ADED004ACF42 /* Sources */ = {
			isa = PBXSourcesBuildPhase;
			buildActionMask = 2147483647;
			files = (
				11AD1F4E2385ADED004ACF42 /* ViewController.swift in Sources */,
				11AD1F4A2385ADED004ACF42 /* AppDelegate.swift in Sources */,
				11AD1F4C2385ADED004ACF42 /* SceneDelegate.swift in Sources */,
			);
			runOnlyForDeploymentPostprocessing = 0;
		};
/* End PBXSourcesBuildPhase section */

/* Begin PBXVariantGroup section */
		11AD1F4F2385ADED004ACF42 /* Main.storyboard */ = {
			isa = PBXVariantGroup;
			children = (
				11AD1F502385ADED004ACF42 /* Base */,
			);
			name = Main.storyboard;
			sourceTree = "<group>";
		};
		11AD1F542385ADEE004ACF42 /* LaunchScreen.storyboard */ = {
			isa = PBXVariantGroup;
			children = (
				11AD1F552385ADEE004ACF42 /* Base */,
			);
			name = LaunchScreen.storyboard;
			sourceTree = "<group>";
		};
/* End PBXVariantGroup section */

/* Begin XCBuildConfiguration section */
		11AD1F582385ADEE004ACF42 /* Debug */ = {
			isa = XCBuildConfiguration;
			buildSettings = {
				ALWAYS_SEARCH_USER_PATHS = NO;
				CLANG_ANALYZER_NONNULL = YES;
				CLANG_ANALYZER_NUMBER_OBJECT_CONVERSION = YES_AGGRESSIVE;
				CLANG_CXX_LANGUAGE_STANDARD = "gnu++14";
				CLANG_CXX_LIBRARY = "libc++";
				CLANG_ENABLE_MODULES = YES;
				CLANG_ENABLE_OBJC_ARC = YES;
				CLANG_ENABLE_OBJC_WEAK = YES;
				CLANG_WARN_BLOCK_CAPTURE_AUTORELEASING = YES;
				CLANG_WARN_BOOL_CONVERSION = YES;
				CLANG_WARN_COMMA = YES;
				CLANG_WARN_CONSTANT_CONVERSION = YES;
				CLANG_WARN_DEPRECATED_OBJC_IMPLEMENTATIONS = YES;
				CLANG_WARN_DIRECT_OBJC_ISA_USAGE = YES_ERROR;
				CLANG_WARN_DOCUMENTATION_COMMENTS = YES;
				CLANG_WARN_EMPTY_BODY = YES;
				CLANG_WARN_ENUM_CONVERSION = YES;
				CLANG_WARN_INFINITE_RECURSION = YES;
				CLANG_WARN_INT_CONVERSION = YES;
				CLANG_WARN_NON_LITERAL_NULL_CONVERSION = YES;
				CLANG_WARN_OBJC_IMPLICIT_RETAIN_SELF = YES;
				CLANG_WARN_OBJC_LITERAL_CONVERSION = YES;
				CLANG_WARN_OBJC_ROOT_CLASS = YES_ERROR;
				CLANG_WARN_RANGE_LOOP_ANALYSIS = YES;
				CLANG_WARN_STRICT_PROTOTYPES = YES;
				CLANG_WARN_SUSPICIOUS_MOVE = YES;
				CLANG_WARN_UNGUARDED_AVAILABILITY = YES_AGGRESSIVE;
				CLANG_WARN_UNREACHABLE_CODE = YES;
				CLANG_WARN__DUPLICATE_METHOD_MATCH = YES;
				COPY_PHASE_STRIP = NO;
				DEBUG_INFORMATION_FORMAT = dwarf;
				ENABLE_STRICT_OBJC_MSGSEND = YES;
				ENABLE_TESTABILITY = YES;
				GCC_C_LANGUAGE_STANDARD = gnu11;
				GCC_DYNAMIC_NO_PIC = NO;
				GCC_NO_COMMON_BLOCKS = YES;
				GCC_OPTIMIZATION_LEVEL = 0;
				GCC_PREPROCESSOR_DEFINITIONS = (
					"DEBUG=1",
					"$(inherited)",
				);
				GCC_WARN_64_TO_32_BIT_CONVERSION = YES;
				GCC_WARN_ABOUT_RETURN_TYPE = YES_ERROR;
				GCC_WARN_UNDECLARED_SELECTOR = YES;
				GCC_WARN_UNINITIALIZED_AUTOS = YES_AGGRESSIVE;
				GCC_WARN_UNUSED_FUNCTION = YES;
				GCC_WARN_UNUSED_VARIABLE = YES;
				IPHONEOS_DEPLOYMENT_TARGET = 13.2;
				MTL_ENABLE_DEBUG_INFO = INCLUDE_SOURCE;
				MTL_FAST_MATH = YES;
				ONLY_ACTIVE_ARCH = YES;
				SDKROOT = iphoneos;
				SWIFT_ACTIVE_COMPILATION_CONDITIONS = DEBUG;
				SWIFT_OPTIMIZATION_LEVEL = "-Onone";
			};
			name = Debug;
		};
		11AD1F592385ADEE004ACF42 /* Release */ = {
			isa = XCBuildConfiguration;
			buildSettings = {
				ALWAYS_SEARCH_USER_PATHS = NO;
				CLANG_ANALYZER_NONNULL = YES;
				CLANG_ANALYZER_NUMBER_OBJECT_CONVERSION = YES_AGGRESSIVE;
				CLANG_CXX_LANGUAGE_STANDARD = "gnu++14";
				CLANG_CXX_LIBRARY = "libc++";
				CLANG_ENABLE_MODULES = YES;
				CLANG_ENABLE_OBJC_ARC = YES;
				CLANG_ENABLE_OBJC_WEAK = YES;
				CLANG_WARN_BLOCK_CAPTURE_AUTORELEASING = YES;
				CLANG_WARN_BOOL_CONVERSION = YES;
				CLANG_WARN_COMMA = YES;
				CLANG_WARN_CONSTANT_CONVERSION = YES;
				CLANG_WARN_DEPRECATED_OBJC_IMPLEMENTATIONS = YES;
				CLANG_WARN_DIRECT_OBJC_ISA_USAGE = YES_ERROR;
				CLANG_WARN_DOCUMENTATION_COMMENTS = YES;
				CLANG_WARN_EMPTY_BODY = YES;
				CLANG_WARN_ENUM_CONVERSION = YES;
				CLANG_WARN_INFINITE_RECURSION = YES;
				CLANG_WARN_INT_CONVERSION = YES;
				CLANG_WARN_NON_LITERAL_NULL_CONVERSION = YES;
				CLANG_WARN_OBJC_IMPLICIT_RETAIN_SELF = YES;
				CLANG_WARN_OBJC_LITERAL_CONVERSION = YES;
				CLANG_WARN_OBJC_ROOT_CLASS = YES_ERROR;
				CLANG_WARN_RANGE_LOOP_ANALYSIS = YES;
				CLANG_WARN_STRICT_PROTOTYPES = YES;
				CLANG_WARN_SUSPICIOUS_MOVE = YES;
				CLANG_WARN_UNGUARDED_AVAILABILITY = YES_AGGRESSIVE;
				CLANG_WARN_UNREACHABLE_CODE = YES;
				CLANG_WARN__DUPLICATE_METHOD_MATCH = YES;
				COPY_PHASE_STRIP = NO;
				DEBUG_INFORMATION_FORMAT = "dwarf-with-dsym";
				ENABLE_NS_ASSERTIONS = NO;
				ENABLE_STRICT_OBJC_MSGSEND = YES;
				GCC_C_LANGUAGE_STANDARD = gnu11;
				GCC_NO_COMMON_BLOCKS = YES;
				GCC_WARN_64_TO_32_BIT_CONVERSION = YES;
				GCC_WARN_ABOUT_RETURN_TYPE = YES_ERROR;
				GCC_WARN_UNDECLARED_SELECTOR = YES;
				GCC_WARN_UNINITIALIZED_AUTOS = YES_AGGRESSIVE;
				GCC_WARN_UNUSED_FUNCTION = YES;
				GCC_WARN_UNUSED_VARIABLE = YES;
				IPHONEOS_DEPLOYMENT_TARGET = 13.2;
				MTL_ENABLE_DEBUG_INFO = NO;
				MTL_FAST_MATH = YES;
				SDKROOT = iphoneos;
				SWIFT_COMPILATION_MODE = wholemodule;
				SWIFT_OPTIMIZATION_LEVEL = "-O";
				VALIDATE_PRODUCT = YES;
			};
			name = Release;
		};
		11AD1F5B2385ADEE004ACF42 /* Debug */ = {
			isa = XCBuildConfiguration;
			buildSettings = {
				ASSETCATALOG_COMPILER_APPICON_NAME = AppIcon;
				CODE_SIGN_STYLE = Automatic;
				INFOPLIST_FILE = SamaraWeatherApp/Info.plist;
				LD_RUNPATH_SEARCH_PATHS = (
					"$(inherited)",
					"@executable_path/Frameworks",
				);
				PRODUCT_BUNDLE_IDENTIFIER = memehost.SamaraWeatherApp;
				PRODUCT_NAME = "$(TARGET_NAME)";
				SWIFT_VERSION = 5.0;
				TARGETED_DEVICE_FAMILY = "1,2";
			};
			name = Debug;
		};
		11AD1F5C2385ADEE004ACF42 /* Release */ = {
			isa = XCBuildConfiguration;
			buildSettings = {
				ASSETCATALOG_COMPILER_APPICON_NAME = AppIcon;
				CODE_SIGN_STYLE = Automatic;
				INFOPLIST_FILE = SamaraWeatherApp/Info.plist;
				LD_RUNPATH_SEARCH_PATHS = (
					"$(inherited)",
					"@executable_path/Frameworks",
				);
				PRODUCT_BUNDLE_IDENTIFIER = memehost.SamaraWeatherApp;
				PRODUCT_NAME = "$(TARGET_NAME)";
				SWIFT_VERSION = 5.0;
				TARGETED_DEVICE_FAMILY = "1,2";
			};
			name = Release;
		};
/* End XCBuildConfiguration section */

/* Begin XCConfigurationList section */
		11AD1F412385ADED004ACF42 /* Build configuration list for PBXProject "SamaraWeatherApp" */ = {
			isa = XCConfigurationList;
			buildConfigurations = (
				11AD1F582385ADEE004ACF42 /* Debug */,
				11AD1F592385ADEE004ACF42 /* Release */,
			);
			defaultConfigurationIsVisible = 0;
			defaultConfigurationName = Release;
		};
		11AD1F5A2385ADEE004ACF42 /* Build configuration list for PBXNativeTarget "SamaraWeatherApp" */ = {
			isa = XCConfigurationList;
			buildConfigurations = (
				11AD1F5B2385ADEE004ACF42 /* Debug */,
				11AD1F5C2385ADEE004ACF42 /* Release */,
			);
			defaultConfigurationIsVisible = 0;
			defaultConfigurationName = Release;
		};
/* End XCConfigurationList section */
	};
	rootObject = 11AD1F3E2385ADED004ACF42 /* Project object */;
}
